
Microsoft Visual Studio Solution File, Format Version 12.00
# Visual Studio 2013
VisualStudioVersion = 12.0.31101.0
MinimumVisualStudioVersion = 10.0.40219.1
Project("{FAE04EC0-301F-11D3-BF4B-00C04F79EFBC}") = "SampleWebApplication", "SampleWebApplication\SampleWebApplication.csproj", "{45181FDA-9233-450D-B244-D6D8446168F6}"
EndProject
Project("{FAE04EC0-301F-11D3-BF4B-00C04F79EFBC}") = "SampleWebApplication.CodedUITests", "SampleWebApplication.CodedUITests\SampleWebApplication.CodedUITests.csproj", "{C5962791-D4C6-499E-8DB7-A3A0493DA4AB}"
EndProject
Project("{FAE04EC0-301F-11D3-BF4B-00C04F79EFBC}") = "SampleWebApplication.FluentCodedUITests", "SampleWebApplication.FluentCodedUITests\SampleWebApplication.FluentCodedUITests.csproj", "{679343CA-7E1F-4AC4-8CC4-B62CE3D7E005}"
EndProject
Project("{FAE04EC0-301F-11D3-BF4B-00C04F79EFBC}") = "CodedUIExtensionsAndHelpers", "CodedUIExtensionsAndHelpers\CodedUIExtensionsAndHelpers.csproj", "{EA51865F-8764-4D9A-B066-92AF5264C552}"
EndProject
Project("{FAE04EC0-301F-11D3-BF4B-00C04F79EFBC}") = "ExampleSite", "ExampleSite\ExampleSite.csproj", "{23108CFB-23B1-45A8-9179-B31B8085B13B}"
EndProject
Project("{FAE04EC0-301F-11D3-BF4B-00C04F79EFBC}") = "ExampleSite.FluentCodedUITests", "ExampleSite.FluentCodedUITests\ExampleSite.FluentCodedUITests.csproj", "{564DDAB8-5BEC-4E63-9FBE-B64ECD274DA5}"
EndProject
Global
	GlobalSection(SolutionConfigurationPlatforms) = preSolution
		Debug|Any CPU = Debug|Any CPU
		Release|Any CPU = Release|Any CPU
	EndGlobalSection
	GlobalSection(ProjectConfigurationPlatforms) = postSolution
		{45181FDA-9233-450D-B244-D6D8446168F6}.Debug|Any CPU.ActiveCfg = Debug|Any CPU
		{45181FDA-9233-450D-B244-D6D8446168F6}.Debug|Any CPU.Build.0 = Debug|Any CPU
		{45181FDA-9233-450D-B244-D6D8446168F6}.Release|Any CPU.ActiveCfg = Release|Any CPU
		{45181FDA-9233-450D-B244-D6D8446168F6}.Release|Any CPU.Build.0 = Release|Any CPU
		{C5962791-D4C6-499E-8DB7-A3A0493DA4AB}.Debug|Any CPU.ActiveCfg = Debug|Any CPU
		{C5962791-D4C6-499E-8DB7-A3A0493DA4AB}.Debug|Any CPU.Build.0 = Debug|Any CPU
		{C5962791-D4C6-499E-8DB7-A3A0493DA4AB}.Release|Any CPU.ActiveCfg = Release|Any CPU
		{C5962791-D4C6-499E-8DB7-A3A0493DA4AB}.Release|Any CPU.Build.0 = Release|Any CPU
		{679343CA-7E1F-4AC4-8CC4-B62CE3D7E005}.Debug|Any CPU.ActiveCfg = Debug|Any CPU
		{679343CA-7E1F-4AC4-8CC4-B62CE3D7E005}.Debug|Any CPU.Build.0 = Debug|Any CPU
		{679343CA-7E1F-4AC4-8CC4-B62CE3D7E005}.Release|Any CPU.ActiveCfg = Release|Any CPU
		{679343CA-7E1F-4AC4-8CC4-B62CE3D7E005}.Release|Any CPU.Build.0 = Release|Any CPU
		{EA51865F-8764-4D9A-B066-92AF5264C552}.Debug|Any CPU.ActiveCfg = Debug|Any CPU
		{EA51865F-8764-4D9A-B066-92AF5264C552}.Debug|Any CPU.Build.0 = Debug|Any CPU
		{EA51865F-8764-4D9A-B066-92AF5264C552}.Release|Any CPU.ActiveCfg = Release|Any CPU
		{EA51865F-8764-4D9A-B066-92AF5264C552}.Release|Any CPU.Build.0 = Release|Any CPU
		{23108CFB-23B1-45A8-9179-B31B8085B13B}.Debug|Any CPU.ActiveCfg = Debug|Any CPU
		{23108CFB-23B1-45A8-9179-B31B8085B13B}.Debug|Any CPU.Build.0 = Debug|Any CPU
		{23108CFB-23B1-45A8-9179-B31B8085B13B}.Release|Any CPU.ActiveCfg = Release|Any CPU
		{23108CFB-23B1-45A8-9179-B31B8085B13B}.Release|Any CPU.Build.0 = Release|Any CPU
		{564DDAB8-5BEC-4E63-9FBE-B64ECD274DA5}.Debug|Any CPU.ActiveCfg = Debug|Any CPU
		{564DDAB8-5BEC-4E63-9FBE-B64ECD274DA5}.Debug|Any CPU.Build.0 = Debug|Any CPU
		{564DDAB8-5BEC-4E63-9FBE-B64ECD274DA5}.Release|Any CPU.ActiveCfg = Release|Any CPU
		{564DDAB8-5BEC-4E63-9FBE-B64ECD274DA5}.Release|Any CPU.Build.0 = Release|Any CPU
	EndGlobalSection
	GlobalSection(SolutionProperties) = preSolution
		HideSolutionNode = FALSE
	EndGlobalSection
EndGlobal
