
Microsoft Visual Studio Solution File, Format Version 12.00
# Visual Studio 14
VisualStudioVersion = 14.0.24720.0
MinimumVisualStudioVersion = 10.0.40219.1
Project("{FAE04EC0-301F-11D3-BF4B-00C04F79EFBC}") = "Lib.Tests", "Lib.Tests\Lib.Tests.csproj", "{00B77136-01FC-4D29-B975-6563126CEDE6}"
EndProject
Project("{FAE04EC0-301F-11D3-BF4B-00C04F79EFBC}") = "CaptainPav.Testing.UI.PageModeling", "CaptainPav.Testing.UI.PageModeling\CaptainPav.Testing.UI.PageModeling.csproj", "{4EDFE513-CF75-4541-B705-0B5952AC457F}"
EndProject
Project("{FAE04EC0-301F-11D3-BF4B-00C04F79EFBC}") = "CaptainPav.Testing.UI.CodedUI", "CaptainPav.Testing.UI.CodedUI\CaptainPav.Testing.UI.CodedUI.csproj", "{93FA4B14-68AB-42B2-B57C-4A39CF110014}"
EndProject
Project("{FAE04EC0-301F-11D3-BF4B-00C04F79EFBC}") = "CaptainPav.Testing.UI.CodedUI.PageModeling", "CaptainPav.Testing.UI.CodedUI.PageModeling\CaptainPav.Testing.UI.CodedUI.PageModeling.csproj", "{D179901A-0411-4FDB-8E39-77BDC552DBCF}"
EndProject
Project("{FAE04EC0-301F-11D3-BF4B-00C04F79EFBC}") = "CodedUIExamples", "CodedUIExamples\CodedUIExamples.csproj", "{78619FD1-1789-4352-9AD3-5B112AECE154}"
EndProject
Global
	GlobalSection(SolutionConfigurationPlatforms) = preSolution
		Debug|Any CPU = Debug|Any CPU
		Release|Any CPU = Release|Any CPU
	EndGlobalSection
	GlobalSection(ProjectConfigurationPlatforms) = postSolution
		{00B77136-01FC-4D29-B975-6563126CEDE6}.Debug|Any CPU.ActiveCfg = Debug|Any CPU
		{00B77136-01FC-4D29-B975-6563126CEDE6}.Debug|Any CPU.Build.0 = Debug|Any CPU
		{00B77136-01FC-4D29-B975-6563126CEDE6}.Release|Any CPU.ActiveCfg = Release|Any CPU
		{00B77136-01FC-4D29-B975-6563126CEDE6}.Release|Any CPU.Build.0 = Release|Any CPU
		{4EDFE513-CF75-4541-B705-0B5952AC457F}.Debug|Any CPU.ActiveCfg = Debug|Any CPU
		{4EDFE513-CF75-4541-B705-0B5952AC457F}.Debug|Any CPU.Build.0 = Debug|Any CPU
		{4EDFE513-CF75-4541-B705-0B5952AC457F}.Release|Any CPU.ActiveCfg = Release|Any CPU
		{4EDFE513-CF75-4541-B705-0B5952AC457F}.Release|Any CPU.Build.0 = Release|Any CPU
		{93FA4B14-68AB-42B2-B57C-4A39CF110014}.Debug|Any CPU.ActiveCfg = Debug|Any CPU
		{93FA4B14-68AB-42B2-B57C-4A39CF110014}.Debug|Any CPU.Build.0 = Debug|Any CPU
		{93FA4B14-68AB-42B2-B57C-4A39CF110014}.Release|Any CPU.ActiveCfg = Release|Any CPU
		{93FA4B14-68AB-42B2-B57C-4A39CF110014}.Release|Any CPU.Build.0 = Release|Any CPU
		{D179901A-0411-4FDB-8E39-77BDC552DBCF}.Debug|Any CPU.ActiveCfg = Debug|Any CPU
		{D179901A-0411-4FDB-8E39-77BDC552DBCF}.Debug|Any CPU.Build.0 = Debug|Any CPU
		{D179901A-0411-4FDB-8E39-77BDC552DBCF}.Release|Any CPU.ActiveCfg = Release|Any CPU
		{D179901A-0411-4FDB-8E39-77BDC552DBCF}.Release|Any CPU.Build.0 = Release|Any CPU
		{78619FD1-1789-4352-9AD3-5B112AECE154}.Debug|Any CPU.ActiveCfg = Debug|Any CPU
		{78619FD1-1789-4352-9AD3-5B112AECE154}.Debug|Any CPU.Build.0 = Debug|Any CPU
		{78619FD1-1789-4352-9AD3-5B112AECE154}.Release|Any CPU.ActiveCfg = Release|Any CPU
		{78619FD1-1789-4352-9AD3-5B112AECE154}.Release|Any CPU.Build.0 = Release|Any CPU
	EndGlobalSection
	GlobalSection(SolutionProperties) = preSolution
		HideSolutionNode = FALSE
	EndGlobalSection
EndGlobal
